
Microsoft Visual Studio Solution File, Format Version 12.00
# Visual Studio Version 17
VisualStudioVersion = 17.12.35506.116
MinimumVisualStudioVersion = 10.0.40219.1
Project("{FAE04EC0-301F-11D3-BF4B-00C04F79EFBC}") = "Entity", "Entity\Entity.csproj", "{59371018-818A-4CFD-9F8B-73FC167D9471}"
EndProject
Project("{FAE04EC0-301F-11D3-BF4B-00C04F79EFBC}") = "RepositoryLayer", "RepositoryLayer\RepositoryLayer.csproj", "{0A073DBB-658D-4849-999E-FA2D582D54CD}"
EndProject
Project("{FAE04EC0-301F-11D3-BF4B-00C04F79EFBC}") = "NLayerWebApi", "NLayerWebApi\NLayerWebApi.csproj", "{C0D7CD1E-14B1-403E-B4F6-869C34DFD5F9}"
EndProject
Global
	GlobalSection(SolutionConfigurationPlatforms) = preSolution
		Debug|Any CPU = Debug|Any CPU
		Release|Any CPU = Release|Any CPU
	EndGlobalSection
	GlobalSection(ProjectConfigurationPlatforms) = postSolution
		{59371018-818A-4CFD-9F8B-73FC167D9471}.Debug|Any CPU.ActiveCfg = Debug|Any CPU
		{59371018-818A-4CFD-9F8B-73FC167D9471}.Debug|Any CPU.Build.0 = Debug|Any CPU
		{59371018-818A-4CFD-9F8B-73FC167D9471}.Release|Any CPU.ActiveCfg = Release|Any CPU
		{59371018-818A-4CFD-9F8B-73FC167D9471}.Release|Any CPU.Build.0 = Release|Any CPU
		{0A073DBB-658D-4849-999E-FA2D582D54CD}.Debug|Any CPU.ActiveCfg = Debug|Any CPU
		{0A073DBB-658D-4849-999E-FA2D582D54CD}.Debug|Any CPU.Build.0 = Debug|Any CPU
		{0A073DBB-658D-4849-999E-FA2D582D54CD}.Release|Any CPU.ActiveCfg = Release|Any CPU
		{0A073DBB-658D-4849-999E-FA2D582D54CD}.Release|Any CPU.Build.0 = Release|Any CPU
		{C0D7CD1E-14B1-403E-B4F6-869C34DFD5F9}.Debug|Any CPU.ActiveCfg = Debug|Any CPU
		{C0D7CD1E-14B1-403E-B4F6-869C34DFD5F9}.Debug|Any CPU.Build.0 = Debug|Any CPU
		{C0D7CD1E-14B1-403E-B4F6-869C34DFD5F9}.Release|Any CPU.ActiveCfg = Release|Any CPU
		{C0D7CD1E-14B1-403E-B4F6-869C34DFD5F9}.Release|Any CPU.Build.0 = Release|Any CPU
	EndGlobalSection
	GlobalSection(SolutionProperties) = preSolution
		HideSolutionNode = FALSE
	EndGlobalSection
EndGlobal
